
Microsoft Visual Studio Solution File, Format Version 12.00
Project("{FAE04EC0-301F-11D3-BF4B-00C04F79EFBC}") = "TestingProgram.App", "TestingProgram.App\TestingProgram.App.csproj", "{CD8E1E0A-3736-4B12-AD31-1FB3AB865DD0}"
EndProject
Project("{FAE04EC0-301F-11D3-BF4B-00C04F79EFBC}") = "Users.ConsoleTest", "Users.ConsoleTest\Users.ConsoleTest.csproj", "{88241E21-6AC5-4977-93D0-7FD1BAD5D7A9}"
EndProject
Project("{FAE04EC0-301F-11D3-BF4B-00C04F79EFBC}") = "Db_Lib", "Db_Lib\Db_Lib.csproj", "{7A097FE1-7E06-4EE9-BA8F-24EC0D4B0781}"
EndProject
Project("{FAE04EC0-301F-11D3-BF4B-00C04F79EFBC}") = "Data_Model", "Data_Model\Data_Model.csproj", "{88F05CEA-02A7-458D-A77D-C05DBA9564C4}"
EndProject
Global
	GlobalSection(SolutionConfigurationPlatforms) = preSolution
		Debug|Any CPU = Debug|Any CPU
		Release|Any CPU = Release|Any CPU
	EndGlobalSection
	GlobalSection(ProjectConfigurationPlatforms) = postSolution
		{CD8E1E0A-3736-4B12-AD31-1FB3AB865DD0}.Debug|Any CPU.ActiveCfg = Debug|Any CPU
		{CD8E1E0A-3736-4B12-AD31-1FB3AB865DD0}.Debug|Any CPU.Build.0 = Debug|Any CPU
		{CD8E1E0A-3736-4B12-AD31-1FB3AB865DD0}.Release|Any CPU.ActiveCfg = Release|Any CPU
		{CD8E1E0A-3736-4B12-AD31-1FB3AB865DD0}.Release|Any CPU.Build.0 = Release|Any CPU
		{88241E21-6AC5-4977-93D0-7FD1BAD5D7A9}.Debug|Any CPU.ActiveCfg = Debug|Any CPU
		{88241E21-6AC5-4977-93D0-7FD1BAD5D7A9}.Debug|Any CPU.Build.0 = Debug|Any CPU
		{88241E21-6AC5-4977-93D0-7FD1BAD5D7A9}.Release|Any CPU.ActiveCfg = Release|Any CPU
		{88241E21-6AC5-4977-93D0-7FD1BAD5D7A9}.Release|Any CPU.Build.0 = Release|Any CPU
		{7A097FE1-7E06-4EE9-BA8F-24EC0D4B0781}.Debug|Any CPU.ActiveCfg = Debug|Any CPU
		{7A097FE1-7E06-4EE9-BA8F-24EC0D4B0781}.Debug|Any CPU.Build.0 = Debug|Any CPU
		{7A097FE1-7E06-4EE9-BA8F-24EC0D4B0781}.Release|Any CPU.ActiveCfg = Release|Any CPU
		{7A097FE1-7E06-4EE9-BA8F-24EC0D4B0781}.Release|Any CPU.Build.0 = Release|Any CPU
		{88F05CEA-02A7-458D-A77D-C05DBA9564C4}.Debug|Any CPU.ActiveCfg = Debug|Any CPU
		{88F05CEA-02A7-458D-A77D-C05DBA9564C4}.Debug|Any CPU.Build.0 = Debug|Any CPU
		{88F05CEA-02A7-458D-A77D-C05DBA9564C4}.Release|Any CPU.ActiveCfg = Release|Any CPU
		{88F05CEA-02A7-458D-A77D-C05DBA9564C4}.Release|Any CPU.Build.0 = Release|Any CPU
	EndGlobalSection
EndGlobal
